
Microsoft Visual Studio Solution File, Format Version 12.00
# Visual Studio Version 16
VisualStudioVersion = 16.0.30523.141
MinimumVisualStudioVersion = 10.0.40219.1
Project("{FAE04EC0-301F-11D3-BF4B-00C04F79EFBC}") = "Lab", "Lab1sem5\Lab.csproj", "{9698F374-3428-418B-A9FE-41675F6CFA45}"
EndProject
Project("{FAE04EC0-301F-11D3-BF4B-00C04F79EFBC}") = "MyList", "MyList\MyList.csproj", "{5FB5861B-3163-48C0-817D-C2E701DA8730}"
EndProject
Project("{FAE04EC0-301F-11D3-BF4B-00C04F79EFBC}") = "Lab.Tests", "Lab.Tests\Lab.Tests.csproj", "{94CCEDD6-0727-460D-BE44-6EB1C026CCEE}"
EndProject
Global
	GlobalSection(SolutionConfigurationPlatforms) = preSolution
		Debug|Any CPU = Debug|Any CPU
		Release|Any CPU = Release|Any CPU
	EndGlobalSection
	GlobalSection(ProjectConfigurationPlatforms) = postSolution
		{9698F374-3428-418B-A9FE-41675F6CFA45}.Debug|Any CPU.ActiveCfg = Debug|Any CPU
		{9698F374-3428-418B-A9FE-41675F6CFA45}.Debug|Any CPU.Build.0 = Debug|Any CPU
		{9698F374-3428-418B-A9FE-41675F6CFA45}.Release|Any CPU.ActiveCfg = Release|Any CPU
		{9698F374-3428-418B-A9FE-41675F6CFA45}.Release|Any CPU.Build.0 = Release|Any CPU
		{5FB5861B-3163-48C0-817D-C2E701DA8730}.Debug|Any CPU.ActiveCfg = Debug|Any CPU
		{5FB5861B-3163-48C0-817D-C2E701DA8730}.Debug|Any CPU.Build.0 = Debug|Any CPU
		{5FB5861B-3163-48C0-817D-C2E701DA8730}.Release|Any CPU.ActiveCfg = Release|Any CPU
		{5FB5861B-3163-48C0-817D-C2E701DA8730}.Release|Any CPU.Build.0 = Release|Any CPU
		{94CCEDD6-0727-460D-BE44-6EB1C026CCEE}.Debug|Any CPU.ActiveCfg = Debug|Any CPU
		{94CCEDD6-0727-460D-BE44-6EB1C026CCEE}.Debug|Any CPU.Build.0 = Debug|Any CPU
		{94CCEDD6-0727-460D-BE44-6EB1C026CCEE}.Release|Any CPU.ActiveCfg = Release|Any CPU
		{94CCEDD6-0727-460D-BE44-6EB1C026CCEE}.Release|Any CPU.Build.0 = Release|Any CPU
	EndGlobalSection
	GlobalSection(SolutionProperties) = preSolution
		HideSolutionNode = FALSE
	EndGlobalSection
	GlobalSection(ExtensibilityGlobals) = postSolution
		SolutionGuid = {76460F63-E997-4973-97BE-595AA67EBBA4}
	EndGlobalSection
EndGlobal
